
Microsoft Visual Studio Solution File, Format Version 12.00
# Visual Studio 15
VisualStudioVersion = 15.0.28307.136
MinimumVisualStudioVersion = 10.0.40219.1
Project("{FAE04EC0-301F-11D3-BF4B-00C04F79EFBC}") = "Control_Calendario", "Control_Calendario\Control_Calendario.csproj", "{B1A99F00-E348-4450-B494-330C40D3C38F}"
EndProject
Global
	GlobalSection(SolutionConfigurationPlatforms) = preSolution
		Debug|Any CPU = Debug|Any CPU
		Release|Any CPU = Release|Any CPU
	EndGlobalSection
	GlobalSection(ProjectConfigurationPlatforms) = postSolution
		{B1A99F00-E348-4450-B494-330C40D3C38F}.Debug|Any CPU.ActiveCfg = Debug|Any CPU
		{B1A99F00-E348-4450-B494-330C40D3C38F}.Debug|Any CPU.Build.0 = Debug|Any CPU
		{B1A99F00-E348-4450-B494-330C40D3C38F}.Release|Any CPU.ActiveCfg = Release|Any CPU
		{B1A99F00-E348-4450-B494-330C40D3C38F}.Release|Any CPU.Build.0 = Release|Any CPU
	EndGlobalSection
	GlobalSection(SolutionProperties) = preSolution
		HideSolutionNode = FALSE
	EndGlobalSection
	GlobalSection(ExtensibilityGlobals) = postSolution
		SolutionGuid = {959D2B32-5D49-46BC-A725-D93A6638A835}
	EndGlobalSection
EndGlobal
